<?xml version="1.0" encoding="utf-8"?>
<Project DefaultTargets="Build" ToolsVersion="16.0" xmlns="http://schemas.microsoft.com/developer/msbuild/2003">
<PropertyGroup>
  <!-- Always declare some kind of "base directory" and then work off of that in the majority of cases  -->
  <WorkingCheckout>.</WorkingCheckout>
</PropertyGroup>
  <ItemGroup>
    <Reference Include="System" />
    <Reference Include="System.Core">
      <RequiredTargetFramework>4.0</RequiredTargetFramework>
    </Reference>
    <Reference Include="System.Data" />
    <Reference Include="System.Xml" />
    <Reference Include="System.Net" />
    <Reference Include="System.Windows" />
    <Reference Include="System.Windows.Forms" />
  </ItemGroup>
  <ItemGroup>
    <Compile Include=".\OpenTK_XAML\OpenTK1.cs" />
  </ItemGroup>
  <Target Name="Build">
    <MakeDir Directories="$(OutputPath)"      Condition="!Exists('$(OutputPath)')" />
    <Csc Sources="@(Compile)" OutputAssembly="$(OutputPath)$(AssemblyName).exe" />
  </Target>
  <Target Name="Clean" >
    <Delete Files="$(OutputPath)$(AssemblyName).exe" />
  </Target>
</Project>
